
Microsoft Visual Studio Solution File, Format Version 12.00
# Visual Studio Version 16
VisualStudioVersion = 16.0.32002.261
MinimumVisualStudioVersion = 10.0.40219.1
Project("{FAE04EC0-301F-11D3-BF4B-00C04F79EFBC}") = "TCPPort", "TCPPort\TCPPort.csproj", "{AB0FC01D-B3BD-4FE0-B534-A8B801D2ECCF}"
EndProject
Project("{FAE04EC0-301F-11D3-BF4B-00C04F79EFBC}") = "Client", "Client\Client.csproj", "{91D84D8F-2F47-4801-9502-B363527B4BF8}"
EndProject
Global
	GlobalSection(SolutionConfigurationPlatforms) = preSolution
		Debug|Any CPU = Debug|Any CPU
		Release|Any CPU = Release|Any CPU
	EndGlobalSection
	GlobalSection(ProjectConfigurationPlatforms) = postSolution
		{AB0FC01D-B3BD-4FE0-B534-A8B801D2ECCF}.Debug|Any CPU.ActiveCfg = Debug|Any CPU
		{AB0FC01D-B3BD-4FE0-B534-A8B801D2ECCF}.Debug|Any CPU.Build.0 = Debug|Any CPU
		{AB0FC01D-B3BD-4FE0-B534-A8B801D2ECCF}.Release|Any CPU.ActiveCfg = Release|Any CPU
		{AB0FC01D-B3BD-4FE0-B534-A8B801D2ECCF}.Release|Any CPU.Build.0 = Release|Any CPU
		{91D84D8F-2F47-4801-9502-B363527B4BF8}.Debug|Any CPU.ActiveCfg = Debug|Any CPU
		{91D84D8F-2F47-4801-9502-B363527B4BF8}.Debug|Any CPU.Build.0 = Debug|Any CPU
		{91D84D8F-2F47-4801-9502-B363527B4BF8}.Release|Any CPU.ActiveCfg = Release|Any CPU
		{91D84D8F-2F47-4801-9502-B363527B4BF8}.Release|Any CPU.Build.0 = Release|Any CPU
	EndGlobalSection
	GlobalSection(SolutionProperties) = preSolution
		HideSolutionNode = FALSE
	EndGlobalSection
	GlobalSection(ExtensibilityGlobals) = postSolution
		SolutionGuid = {5C26765F-FC66-4B00-8B55-417311208D26}
	EndGlobalSection
EndGlobal
